// !$*UTF8*$!
{
	archiveVersion = 1;
	classes = {
	};
	objectVersion = 50;
	objects = {

/* Begin PBXBuildFile section */
		B98F9D5425A11A31005257D7 /* AppDelegate.swift in Sources */ = {isa = PBXBuildFile; fileRef = B98F9D5325A11A31005257D7 /* AppDelegate.swift */; };
		B98F9D5625A11A31005257D7 /* SceneDelegate.swift in Sources */ = {isa = PBXBuildFile; fileRef = B98F9D5525A11A31005257D7 /* SceneDelegate.swift */; };
		B98F9D5825A11A31005257D7 /* ContentView.swift in Sources */ = {isa = PBXBuildFile; fileRef = B98F9D5725A11A31005257D7 /* ContentView.swift */; };
		B98F9D5B25A11A31005257D7 /* WeekCal.xcdatamodeld in Sources */ = {isa = PBXBuildFile; fileRef = B98F9D5925A11A31005257D7 /* WeekCal.xcdatamodeld */; };
		B98F9D5D25A11A33005257D7 /* Assets.xcassets in Resources */ = {isa = PBXBuildFile; fileRef = B98F9D5C25A11A33005257D7 /* Assets.xcassets */; };
		B98F9D6025A11A33005257D7 /* Preview Assets.xcassets in Resources */ = {isa = PBXBuildFile; fileRef = B98F9D5F25A11A33005257D7 /* Preview Assets.xcassets */; };
		B98F9D6325A11A33005257D7 /* LaunchScreen.storyboard in Resources */ = {isa = PBXBuildFile; fileRef = B98F9D6125A11A33005257D7 /* LaunchScreen.storyboard */; };
		B98F9D6E25A11A33005257D7 /* WeekCalTests.swift in Sources */ = {isa = PBXBuildFile; fileRef = B98F9D6D25A11A33005257D7 /* WeekCalTests.swift */; };
		B98F9D7925A11A33005257D7 /* WeekCalUITests.swift in Sources */ = {isa = PBXBuildFile; fileRef = B98F9D7825A11A33005257D7 /* WeekCalUITests.swift */; };
/* End PBXBuildFile section */

/* Begin PBXContainerItemProxy section */
		B98F9D6A25A11A33005257D7 /* PBXContainerItemProxy */ = {
			isa = PBXContainerItemProxy;
			containerPortal = B98F9D4825A11A31005257D7 /* Project object */;
			proxyType = 1;
			remoteGlobalIDString = B98F9D4F25A11A31005257D7;
			remoteInfo = WeekCal;
		};
		B98F9D7525A11A33005257D7 /* PBXContainerItemProxy */ = {
			isa = PBXContainerItemProxy;
			containerPortal = B98F9D4825A11A31005257D7 /* Project object */;
			proxyType = 1;
			remoteGlobalIDString = B98F9D4F25A11A31005257D7;
			remoteInfo = WeekCal;
		};
/* End PBXContainerItemProxy section */

/* Begin PBXFileReference section */
		B98F9D5025A11A31005257D7 /* WeekCal.app */ = {isa = PBXFileReference; explicitFileType = wrapper.application; includeInIndex = 0; path = WeekCal.app; sourceTree = BUILT_PRODUCTS_DIR; };
		B98F9D5325A11A31005257D7 /* AppDelegate.swift */ = {isa = PBXFileReference; lastKnownFileType = sourcecode.swift; path = AppDelegate.swift; sourceTree = "<group>"; };
		B98F9D5525A11A31005257D7 /* SceneDelegate.swift */ = {isa = PBXFileReference; lastKnownFileType = sourcecode.swift; path = SceneDelegate.swift; sourceTree = "<group>"; };
		B98F9D5725A11A31005257D7 /* ContentView.swift */ = {isa = PBXFileReference; lastKnownFileType = sourcecode.swift; path = ContentView.swift; sourceTree = "<group>"; };
		B98F9D5A25A11A31005257D7 /* WeekCal.xcdatamodel */ = {isa = PBXFileReference; lastKnownFileType = wrapper.xcdatamodel; path = WeekCal.xcdatamodel; sourceTree = "<group>"; };
		B98F9D5C25A11A33005257D7 /* Assets.xcassets */ = {isa = PBXFileReference; lastKnownFileType = folder.assetcatalog; path = Assets.xcassets; sourceTree = "<group>"; };
		B98F9D5F25A11A33005257D7 /* Preview Assets.xcassets */ = {isa = PBXFileReference; lastKnownFileType = folder.assetcatalog; path = "Preview Assets.xcassets"; sourceTree = "<group>"; };
		B98F9D6225A11A33005257D7 /* Base */ = {isa = PBXFileReference; lastKnownFileType = file.storyboard; name = Base; path = Base.lproj/LaunchScreen.storyboard; sourceTree = "<group>"; };
		B98F9D6425A11A33005257D7 /* Info.plist */ = {isa = PBXFileReference; lastKnownFileType = text.plist.xml; path = Info.plist; sourceTree = "<group>"; };
		B98F9D6925A11A33005257D7 /* WeekCalTests.xctest */ = {isa = PBXFileReference; explicitFileType = wrapper.cfbundle; includeInIndex = 0; path = WeekCalTests.xctest; sourceTree = BUILT_PRODUCTS_DIR; };
		B98F9D6D25A11A33005257D7 /* WeekCalTests.swift */ = {isa = PBXFileReference; lastKnownFileType = sourcecode.swift; path = WeekCalTests.swift; sourceTree = "<group>"; };
		B98F9D6F25A11A33005257D7 /* Info.plist */ = {isa = PBXFileReference; lastKnownFileType = text.plist.xml; path = Info.plist; sourceTree = "<group>"; };
		B98F9D7425A11A33005257D7 /* WeekCalUITests.xctest */ = {isa = PBXFileReference; explicitFileType = wrapper.cfbundle; includeInIndex = 0; path = WeekCalUITests.xctest; sourceTree = BUILT_PRODUCTS_DIR; };
		B98F9D7825A11A33005257D7 /* WeekCalUITests.swift */ = {isa = PBXFileReference; lastKnownFileType = sourcecode.swift; path = WeekCalUITests.swift; sourceTree = "<group>"; };
		B98F9D7A25A11A33005257D7 /* Info.plist */ = {isa = PBXFileReference; lastKnownFileType = text.plist.xml; path = Info.plist; sourceTree = "<group>"; };
/* End PBXFileReference section */

/* Begin PBXFrameworksBuildPhase section */
		B98F9D4D25A11A31005257D7 /* Frameworks */ = {
			isa = PBXFrameworksBuildPhase;
			buildActionMask = 2147483647;
			files = (
			);
			runOnlyForDeploymentPostprocessing = 0;
		};
		B98F9D6625A11A33005257D7 /* Frameworks */ = {
			isa = PBXFrameworksBuildPhase;
			buildActionMask = 2147483647;
			files = (
			);
			runOnlyForDeploymentPostprocessing = 0;
		};
		B98F9D7125A11A33005257D7 /* Frameworks */ = {
			isa = PBXFrameworksBuildPhase;
			buildActionMask = 2147483647;
			files = (
			);
			runOnlyForDeploymentPostprocessing = 0;
		};
/* End PBXFrameworksBuildPhase section */

/* Begin PBXGroup section */
		B98F9D4725A11A31005257D7 = {
			isa = PBXGroup;
			children = (
				B98F9D5225A11A31005257D7 /* WeekCal */,
				B98F9D6C25A11A33005257D7 /* WeekCalTests */,
				B98F9D7725A11A33005257D7 /* WeekCalUITests */,
				B98F9D5125A11A31005257D7 /* Products */,
			);
			sourceTree = "<group>";
		};
		B98F9D5125A11A31005257D7 /* Products */ = {
			isa = PBXGroup;
			children = (
				B98F9D5025A11A31005257D7 /* WeekCal.app */,
				B98F9D6925A11A33005257D7 /* WeekCalTests.xctest */,
				B98F9D7425A11A33005257D7 /* WeekCalUITests.xctest */,
			);
			name = Products;
			sourceTree = "<group>";
		};
		B98F9D5225A11A31005257D7 /* WeekCal */ = {
			isa = PBXGroup;
			children = (
				B98F9D5325A11A31005257D7 /* AppDelegate.swift */,
				B98F9D5525A11A31005257D7 /* SceneDelegate.swift */,
				B98F9D5725A11A31005257D7 /* ContentView.swift */,
				B98F9D5C25A11A33005257D7 /* Assets.xcassets */,
				B98F9D6125A11A33005257D7 /* LaunchScreen.storyboard */,
				B98F9D6425A11A33005257D7 /* Info.plist */,
				B98F9D5925A11A31005257D7 /* WeekCal.xcdatamodeld */,
				B98F9D5E25A11A33005257D7 /* Preview Content */,
			);
			path = WeekCal;
			sourceTree = "<group>";
		};
		B98F9D5E25A11A33005257D7 /* Preview Content */ = {
			isa = PBXGroup;
			children = (
				B98F9D5F25A11A33005257D7 /* Preview Assets.xcassets */,
			);
			path = "Preview Content";
			sourceTree = "<group>";
		};
		B98F9D6C25A11A33005257D7 /* WeekCalTests */ = {
			isa = PBXGroup;
			children = (
				B98F9D6D25A11A33005257D7 /* WeekCalTests.swift */,
				B98F9D6F25A11A33005257D7 /* Info.plist */,
			);
			path = WeekCalTests;
			sourceTree = "<group>";
		};
		B98F9D7725A11A33005257D7 /* WeekCalUITests */ = {
			isa = PBXGroup;
			children = (
				B98F9D7825A11A33005257D7 /* WeekCalUITests.swift */,
				B98F9D7A25A11A33005257D7 /* Info.plist */,
			);
			path = WeekCalUITests;
			sourceTree = "<group>";
		};
/* End PBXGroup section */

/* Begin PBXNativeTarget section */
		B98F9D4F25A11A31005257D7 /* WeekCal */ = {
			isa = PBXNativeTarget;
			buildConfigurationList = B98F9D7D25A11A33005257D7 /* Build configuration list for PBXNativeTarget "WeekCal" */;
			buildPhases = (
				B98F9D4C25A11A31005257D7 /* Sources */,
				B98F9D4D25A11A31005257D7 /* Frameworks */,
				B98F9D4E25A11A31005257D7 /* Resources */,
			);
			buildRules = (
			);
			dependencies = (
			);
			name = WeekCal;
			productName = WeekCal;
			productReference = B98F9D5025A11A31005257D7 /* WeekCal.app */;
			productType = "com.apple.product-type.application";
		};
		B98F9D6825A11A33005257D7 /* WeekCalTests */ = {
			isa = PBXNativeTarget;
			buildConfigurationList = B98F9D8025A11A33005257D7 /* Build configuration list for PBXNativeTarget "WeekCalTests" */;
			buildPhases = (
				B98F9D6525A11A33005257D7 /* Sources */,
				B98F9D6625A11A33005257D7 /* Frameworks */,
				B98F9D6725A11A33005257D7 /* Resources */,
			);
			buildRules = (
			);
			dependencies = (
				B98F9D6B25A11A33005257D7 /* PBXTargetDependency */,
			);
			name = WeekCalTests;
			productName = WeekCalTests;
			productReference = B98F9D6925A11A33005257D7 /* WeekCalTests.xctest */;
			productType = "com.apple.product-type.bundle.unit-test";
		};
		B98F9D7325A11A33005257D7 /* WeekCalUITests */ = {
			isa = PBXNativeTarget;
			buildConfigurationList = B98F9D8325A11A33005257D7 /* Build configuration list for PBXNativeTarget "WeekCalUITests" */;
			buildPhases = (
				B98F9D7025A11A33005257D7 /* Sources */,
				B98F9D7125A11A33005257D7 /* Frameworks */,
				B98F9D7225A11A33005257D7 /* Resources */,
			);
			buildRules = (
			);
			dependencies = (
				B98F9D7625A11A33005257D7 /* PBXTargetDependency */,
			);
			name = WeekCalUITests;
			productName = WeekCalUITests;
			productReference = B98F9D7425A11A33005257D7 /* WeekCalUITests.xctest */;
			productType = "com.apple.product-type.bundle.ui-testing";
		};
/* End PBXNativeTarget section */

/* Begin PBXProject section */
		B98F9D4825A11A31005257D7 /* Project object */ = {
			isa = PBXProject;
			attributes = {
				LastSwiftUpdateCheck = 1230;
				LastUpgradeCheck = 1230;
				TargetAttributes = {
					B98F9D4F25A11A31005257D7 = {
						CreatedOnToolsVersion = 12.3;
					};
					B98F9D6825A11A33005257D7 = {
						CreatedOnToolsVersion = 12.3;
						TestTargetID = B98F9D4F25A11A31005257D7;
					};
					B98F9D7325A11A33005257D7 = {
						CreatedOnToolsVersion = 12.3;
						TestTargetID = B98F9D4F25A11A31005257D7;
					};
				};
			};
			buildConfigurationList = B98F9D4B25A11A31005257D7 /* Build configuration list for PBXProject "WeekCal" */;
			compatibilityVersion = "Xcode 9.3";
			developmentRegion = en;
			hasScannedForEncodings = 0;
			knownRegions = (
				en,
				Base,
			);
			mainGroup = B98F9D4725A11A31005257D7;
			productRefGroup = B98F9D5125A11A31005257D7 /* Products */;
			projectDirPath = "";
			projectRoot = "";
			targets = (
				B98F9D4F25A11A31005257D7 /* WeekCal */,
				B98F9D6825A11A33005257D7 /* WeekCalTests */,
				B98F9D7325A11A33005257D7 /* WeekCalUITests */,
			);
		};
/* End PBXProject section */

/* Begin PBXResourcesBuildPhase section */
		B98F9D4E25A11A31005257D7 /* Resources */ = {
			isa = PBXResourcesBuildPhase;
			buildActionMask = 2147483647;
			files = (
				B98F9D6325A11A33005257D7 /* LaunchScreen.storyboard in Resources */,
				B98F9D6025A11A33005257D7 /* Preview Assets.xcassets in Resources */,
				B98F9D5D25A11A33005257D7 /* Assets.xcassets in Resources */,
			);
			runOnlyForDeploymentPostprocessing = 0;
		};
		B98F9D6725A11A33005257D7 /* Resources */ = {
			isa = PBXResourcesBuildPhase;
			buildActionMask = 2147483647;
			files = (
			);
			runOnlyForDeploymentPostprocessing = 0;
		};
		B98F9D7225A11A33005257D7 /* Resources */ = {
			isa = PBXResourcesBuildPhase;
			buildActionMask = 2147483647;
			files = (
			);
			runOnlyForDeploymentPostprocessing = 0;
		};
/* End PBXResourcesBuildPhase section */

/* Begin PBXSourcesBuildPhase section */
		B98F9D4C25A11A31005257D7 /* Sources */ = {
			isa = PBXSourcesBuildPhase;
			buildActionMask = 2147483647;
			files = (
				B98F9D5B25A11A31005257D7 /* WeekCal.xcdatamodeld in Sources */,
				B98F9D5425A11A31005257D7 /* AppDelegate.swift in Sources */,
				B98F9D5625A11A31005257D7 /* SceneDelegate.swift in Sources */,
				B98F9D5825A11A31005257D7 /* ContentView.swift in Sources */,
			);
			runOnlyForDeploymentPostprocessing = 0;
		};
		B98F9D6525A11A33005257D7 /* Sources */ = {
			isa = PBXSourcesBuildPhase;
			buildActionMask = 2147483647;
			files = (
				B98F9D6E25A11A33005257D7 /* WeekCalTests.swift in Sources */,
			);
			runOnlyForDeploymentPostprocessing = 0;
		};
		B98F9D7025A11A33005257D7 /* Sources */ = {
			isa = PBXSourcesBuildPhase;
			buildActionMask = 2147483647;
			files = (
				B98F9D7925A11A33005257D7 /* WeekCalUITests.swift in Sources */,
			);
			runOnlyForDeploymentPostprocessing = 0;
		};
/* End PBXSourcesBuildPhase section */

/* Begin PBXTargetDependency section */
		B98F9D6B25A11A33005257D7 /* PBXTargetDependency */ = {
			isa = PBXTargetDependency;
			target = B98F9D4F25A11A31005257D7 /* WeekCal */;
			targetProxy = B98F9D6A25A11A33005257D7 /* PBXContainerItemProxy */;
		};
		B98F9D7625A11A33005257D7 /* PBXTargetDependency */ = {
			isa = PBXTargetDependency;
			target = B98F9D4F25A11A31005257D7 /* WeekCal */;
			targetProxy = B98F9D7525A11A33005257D7 /* PBXContainerItemProxy */;
		};
/* End PBXTargetDependency section */

/* Begin PBXVariantGroup section */
		B98F9D6125A11A33005257D7 /* LaunchScreen.storyboard */ = {
			isa = PBXVariantGroup;
			children = (
				B98F9D6225A11A33005257D7 /* Base */,
			);
			name = LaunchScreen.storyboard;
			sourceTree = "<group>";
		};
/* End PBXVariantGroup section */

/* Begin XCBuildConfiguration section */
		B98F9D7B25A11A33005257D7 /* Debug */ = {
			isa = XCBuildConfiguration;
			buildSettings = {
				ALWAYS_SEARCH_USER_PATHS = NO;
				CLANG_ANALYZER_NONNULL = YES;
				CLANG_ANALYZER_NUMBER_OBJECT_CONVERSION = YES_AGGRESSIVE;
				CLANG_CXX_LANGUAGE_STANDARD = "gnu++14";
				CLANG_CXX_LIBRARY = "libc++";
				CLANG_ENABLE_MODULES = YES;
				CLANG_ENABLE_OBJC_ARC = YES;
				CLANG_ENABLE_OBJC_WEAK = YES;
				CLANG_WARN_BLOCK_CAPTURE_AUTORELEASING = YES;
				CLANG_WARN_BOOL_CONVERSION = YES;
				CLANG_WARN_COMMA = YES;
				CLANG_WARN_CONSTANT_CONVERSION = YES;
				CLANG_WARN_DEPRECATED_OBJC_IMPLEMENTATIONS = YES;
				CLANG_WARN_DIRECT_OBJC_ISA_USAGE = YES_ERROR;
				CLANG_WARN_DOCUMENTATION_COMMENTS = YES;
				CLANG_WARN_EMPTY_BODY = YES;
				CLANG_WARN_ENUM_CONVERSION = YES;
				CLANG_WARN_INFINITE_RECURSION = YES;
				CLANG_WARN_INT_CONVERSION = YES;
				CLANG_WARN_NON_LITERAL_NULL_CONVERSION = YES;
				CLANG_WARN_OBJC_IMPLICIT_RETAIN_SELF = YES;
				CLANG_WARN_OBJC_LITERAL_CONVERSION = YES;
				CLANG_WARN_OBJC_ROOT_CLASS = YES_ERROR;
				CLANG_WARN_QUOTED_INCLUDE_IN_FRAMEWORK_HEADER = YES;
				CLANG_WARN_RANGE_LOOP_ANALYSIS = YES;
				CLANG_WARN_STRICT_PROTOTYPES = YES;
				CLANG_WARN_SUSPICIOUS_MOVE = YES;
				CLANG_WARN_UNGUARDED_AVAILABILITY = YES_AGGRESSIVE;
				CLANG_WARN_UNREACHABLE_CODE = YES;
				CLANG_WARN__DUPLICATE_METHOD_MATCH = YES;
				COPY_PHASE_STRIP = NO;
				DEBUG_INFORMATION_FORMAT = dwarf;
				ENABLE_STRICT_OBJC_MSGSEND = YES;
				ENABLE_TESTABILITY = YES;
				GCC_C_LANGUAGE_STANDARD = gnu11;
				GCC_DYNAMIC_NO_PIC = NO;
				GCC_NO_COMMON_BLOCKS = YES;
				GCC_OPTIMIZATION_LEVEL = 0;
				GCC_PREPROCESSOR_DEFINITIONS = (
					"DEBUG=1",
					"$(inherited)",
				);
				GCC_WARN_64_TO_32_BIT_CONVERSION = YES;
				GCC_WARN_ABOUT_RETURN_TYPE = YES_ERROR;
				GCC_WARN_UNDECLARED_SELECTOR = YES;
				GCC_WARN_UNINITIALIZED_AUTOS = YES_AGGRESSIVE;
				GCC_WARN_UNUSED_FUNCTION = YES;
				GCC_WARN_UNUSED_VARIABLE = YES;
				IPHONEOS_DEPLOYMENT_TARGET = 14.3;
				MTL_ENABLE_DEBUG_INFO = INCLUDE_SOURCE;
				MTL_FAST_MATH = YES;
				ONLY_ACTIVE_ARCH = YES;
				SDKROOT = iphoneos;
				SWIFT_ACTIVE_COMPILATION_CONDITIONS = DEBUG;
				SWIFT_OPTIMIZATION_LEVEL = "-Onone";
			};
			name = Debug;
		};
		B98F9D7C25A11A33005257D7 /* Release */ = {
			isa = XCBuildConfiguration;
			buildSettings = {
				ALWAYS_SEARCH_USER_PATHS = NO;
				CLANG_ANALYZER_NONNULL = YES;
				CLANG_ANALYZER_NUMBER_OBJECT_CONVERSION = YES_AGGRESSIVE;
				CLANG_CXX_LANGUAGE_STANDARD = "gnu++14";
				CLANG_CXX_LIBRARY = "libc++";
				CLANG_ENABLE_MODULES = YES;
				CLANG_ENABLE_OBJC_ARC = YES;
				CLANG_ENABLE_OBJC_WEAK = YES;
				CLANG_WARN_BLOCK_CAPTURE_AUTORELEASING = YES;
				CLANG_WARN_BOOL_CONVERSION = YES;
				CLANG_WARN_COMMA = YES;
				CLANG_WARN_CONSTANT_CONVERSION = YES;
				CLANG_WARN_DEPRECATED_OBJC_IMPLEMENTATIONS = YES;
				CLANG_WARN_DIRECT_OBJC_ISA_USAGE = YES_ERROR;
				CLANG_WARN_DOCUMENTATION_COMMENTS = YES;
				CLANG_WARN_EMPTY_BODY = YES;
				CLANG_WARN_ENUM_CONVERSION = YES;
				CLANG_WARN_INFINITE_RECURSION = YES;
				CLANG_WARN_INT_CONVERSION = YES;
				CLANG_WARN_NON_LITERAL_NULL_CONVERSION = YES;
				CLANG_WARN_OBJC_IMPLICIT_RETAIN_SELF = YES;
				CLANG_WARN_OBJC_LITERAL_CONVERSION = YES;
				CLANG_WARN_OBJC_ROOT_CLASS = YES_ERROR;
				CLANG_WARN_QUOTED_INCLUDE_IN_FRAMEWORK_HEADER = YES;
				CLANG_WARN_RANGE_LOOP_ANALYSIS = YES;
				CLANG_WARN_STRICT_PROTOTYPES = YES;
				CLANG_WARN_SUSPICIOUS_MOVE = YES;
				CLANG_WARN_UNGUARDED_AVAILABILITY = YES_AGGRESSIVE;
				CLANG_WARN_UNREACHABLE_CODE = YES;
				CLANG_WARN__DUPLICATE_METHOD_MATCH = YES;
				COPY_PHASE_STRIP = NO;
				DEBUG_INFORMATION_FORMAT = "dwarf-with-dsym";
				ENABLE_NS_ASSERTIONS = NO;
				ENABLE_STRICT_OBJC_MSGSEND = YES;
				GCC_C_LANGUAGE_STANDARD = gnu11;
				GCC_NO_COMMON_BLOCKS = YES;
				GCC_WARN_64_TO_32_BIT_CONVERSION = YES;
				GCC_WARN_ABOUT_RETURN_TYPE = YES_ERROR;
				GCC_WARN_UNDECLARED_SELECTOR = YES;
				GCC_WARN_UNINITIALIZED_AUTOS = YES_AGGRESSIVE;
				GCC_WARN_UNUSED_FUNCTION = YES;
				GCC_WARN_UNUSED_VARIABLE = YES;
				IPHONEOS_DEPLOYMENT_TARGET = 14.3;
				MTL_ENABLE_DEBUG_INFO = NO;
				MTL_FAST_MATH = YES;
				SDKROOT = iphoneos;
				SWIFT_COMPILATION_MODE = wholemodule;
				SWIFT_OPTIMIZATION_LEVEL = "-O";
				VALIDATE_PRODUCT = YES;
			};
			name = Release;
		};
		B98F9D7E25A11A33005257D7 /* Debug */ = {
			isa = XCBuildConfiguration;
			buildSettings = {
				ASSETCATALOG_COMPILER_APPICON_NAME = AppIcon;
				ASSETCATALOG_COMPILER_GLOBAL_ACCENT_COLOR_NAME = AccentColor;
				CODE_SIGN_STYLE = Automatic;
				DEVELOPMENT_ASSET_PATHS = "\"WeekCal/Preview Content\"";
				DEVELOPMENT_TEAM = 3RL2PXA2Q9;
				ENABLE_PREVIEWS = YES;
				INFOPLIST_FILE = WeekCal/Info.plist;
				LD_RUNPATH_SEARCH_PATHS = (
					"$(inherited)",
					"@executable_path/Frameworks",
				);
				PRODUCT_BUNDLE_IDENTIFIER = com.decaroj.WeekCal;
				PRODUCT_NAME = "$(TARGET_NAME)";
				SWIFT_VERSION = 5.0;
				TARGETED_DEVICE_FAMILY = "1,2";
			};
			name = Debug;
		};
		B98F9D7F25A11A33005257D7 /* Release */ = {
			isa = XCBuildConfiguration;
			buildSettings = {
				ASSETCATALOG_COMPILER_APPICON_NAME = AppIcon;
				ASSETCATALOG_COMPILER_GLOBAL_ACCENT_COLOR_NAME = AccentColor;
				CODE_SIGN_STYLE = Automatic;
				DEVELOPMENT_ASSET_PATHS = "\"WeekCal/Preview Content\"";
				DEVELOPMENT_TEAM = 3RL2PXA2Q9;
				ENABLE_PREVIEWS = YES;
				INFOPLIST_FILE = WeekCal/Info.plist;
				LD_RUNPATH_SEARCH_PATHS = (
					"$(inherited)",
					"@executable_path/Frameworks",
				);
				PRODUCT_BUNDLE_IDENTIFIER = com.decaroj.WeekCal;
				PRODUCT_NAME = "$(TARGET_NAME)";
				SWIFT_VERSION = 5.0;
				TARGETED_DEVICE_FAMILY = "1,2";
			};
			name = Release;
		};
		B98F9D8125A11A33005257D7 /* Debug */ = {
			isa = XCBuildConfiguration;
			buildSettings = {
				ALWAYS_EMBED_SWIFT_STANDARD_LIBRARIES = YES;
				BUNDLE_LOADER = "$(TEST_HOST)";
				CODE_SIGN_STYLE = Automatic;
				DEVELOPMENT_TEAM = 3RL2PXA2Q9;
				INFOPLIST_FILE = WeekCalTests/Info.plist;
				IPHONEOS_DEPLOYMENT_TARGET = 14.3;
				LD_RUNPATH_SEARCH_PATHS = (
					"$(inherited)",
					"@executable_path/Frameworks",
					"@loader_path/Frameworks",
				);
				PRODUCT_BUNDLE_IDENTIFIER = com.decaroj.WeekCalTests;
				PRODUCT_NAME = "$(TARGET_NAME)";
				SWIFT_VERSION = 5.0;
				TARGETED_DEVICE_FAMILY = "1,2";
				TEST_HOST = "$(BUILT_PRODUCTS_DIR)/WeekCal.app/WeekCal";
			};
			name = Debug;
		};
		B98F9D8225A11A33005257D7 /* Release */ = {
			isa = XCBuildConfiguration;
			buildSettings = {
				ALWAYS_EMBED_SWIFT_STANDARD_LIBRARIES = YES;
				BUNDLE_LOADER = "$(TEST_HOST)";
				CODE_SIGN_STYLE = Automatic;
				DEVELOPMENT_TEAM = 3RL2PXA2Q9;
				INFOPLIST_FILE = WeekCalTests/Info.plist;
				IPHONEOS_DEPLOYMENT_TARGET = 14.3;
				LD_RUNPATH_SEARCH_PATHS = (
					"$(inherited)",
					"@executable_path/Frameworks",
					"@loader_path/Frameworks",
				);
				PRODUCT_BUNDLE_IDENTIFIER = com.decaroj.WeekCalTests;
				PRODUCT_NAME = "$(TARGET_NAME)";
				SWIFT_VERSION = 5.0;
				TARGETED_DEVICE_FAMILY = "1,2";
				TEST_HOST = "$(BUILT_PRODUCTS_DIR)/WeekCal.app/WeekCal";
			};
			name = Release;
		};
		B98F9D8425A11A33005257D7 /* Debug */ = {
			isa = XCBuildConfiguration;
			buildSettings = {
				ALWAYS_EMBED_SWIFT_STANDARD_LIBRARIES = YES;
				CODE_SIGN_STYLE = Automatic;
				DEVELOPMENT_TEAM = 3RL2PXA2Q9;
				INFOPLIST_FILE = WeekCalUITests/Info.plist;
				LD_RUNPATH_SEARCH_PATHS = (
					"$(inherited)",
					"@executable_path/Frameworks",
					"@loader_path/Frameworks",
				);
				PRODUCT_BUNDLE_IDENTIFIER = com.decaroj.WeekCalUITests;
				PRODUCT_NAME = "$(TARGET_NAME)";
				SWIFT_VERSION = 5.0;
				TARGETED_DEVICE_FAMILY = "1,2";
				TEST_TARGET_NAME = WeekCal;
			};
			name = Debug;
		};
		B98F9D8525A11A33005257D7 /* Release */ = {
			isa = XCBuildConfiguration;
			buildSettings = {
				ALWAYS_EMBED_SWIFT_STANDARD_LIBRARIES = YES;
				CODE_SIGN_STYLE = Automatic;
				DEVELOPMENT_TEAM = 3RL2PXA2Q9;
				INFOPLIST_FILE = WeekCalUITests/Info.plist;
				LD_RUNPATH_SEARCH_PATHS = (
					"$(inherited)",
					"@executable_path/Frameworks",
					"@loader_path/Frameworks",
				);
				PRODUCT_BUNDLE_IDENTIFIER = com.decaroj.WeekCalUITests;
				PRODUCT_NAME = "$(TARGET_NAME)";
				SWIFT_VERSION = 5.0;
				TARGETED_DEVICE_FAMILY = "1,2";
				TEST_TARGET_NAME = WeekCal;
			};
			name = Release;
		};
/* End XCBuildConfiguration section */

/* Begin XCConfigurationList section */
		B98F9D4B25A11A31005257D7 /* Build configuration list for PBXProject "WeekCal" */ = {
			isa = XCConfigurationList;
			buildConfigurations = (
				B98F9D7B25A11A33005257D7 /* Debug */,
				B98F9D7C25A11A33005257D7 /* Release */,
			);
			defaultConfigurationIsVisible = 0;
			defaultConfigurationName = Release;
		};
		B98F9D7D25A11A33005257D7 /* Build configuration list for PBXNativeTarget "WeekCal" */ = {
			isa = XCConfigurationList;
			buildConfigurations = (
				B98F9D7E25A11A33005257D7 /* Debug */,
				B98F9D7F25A11A33005257D7 /* Release */,
			);
			defaultConfigurationIsVisible = 0;
			defaultConfigurationName = Release;
		};
		B98F9D8025A11A33005257D7 /* Build configuration list for PBXNativeTarget "WeekCalTests" */ = {
			isa = XCConfigurationList;
			buildConfigurations = (
				B98F9D8125A11A33005257D7 /* Debug */,
				B98F9D8225A11A33005257D7 /* Release */,
			);
			defaultConfigurationIsVisible = 0;
			defaultConfigurationName = Release;
		};
		B98F9D8325A11A33005257D7 /* Build configuration list for PBXNativeTarget "WeekCalUITests" */ = {
			isa = XCConfigurationList;
			buildConfigurations = (
				B98F9D8425A11A33005257D7 /* Debug */,
				B98F9D8525A11A33005257D7 /* Release */,
			);
			defaultConfigurationIsVisible = 0;
			defaultConfigurationName = Release;
		};
/* End XCConfigurationList section */

/* Begin XCVersionGroup section */
		B98F9D5925A11A31005257D7 /* WeekCal.xcdatamodeld */ = {
			isa = XCVersionGroup;
			children = (
				B98F9D5A25A11A31005257D7 /* WeekCal.xcdatamodel */,
			);
			currentVersion = B98F9D5A25A11A31005257D7 /* WeekCal.xcdatamodel */;
			path = WeekCal.xcdatamodeld;
			sourceTree = "<group>";
			versionGroupType = wrapper.xcdatamodel;
		};
/* End XCVersionGroup section */
	};
	rootObject = B98F9D4825A11A31005257D7 /* Project object */;
}
